
Microsoft Visual Studio Solution File, Format Version 12.00
# Visual Studio Version 17
VisualStudioVersion = 17.2.32602.215
MinimumVisualStudioVersion = 10.0.40219.1
Project("{2150E333-8FDC-42A3-9474-1A3956D46DE8}") = "1 -- Solution Items", "1 -- Solution Items", "{35DB5FCD-A3E4-4043-BB9C-578169103AA3}"
	ProjectSection(SolutionItems) = preProject
		.editorconfig = .editorconfig
		..\.gitignore = ..\.gitignore
		..\Dockerfile = ..\Dockerfile
		..\Notes.txt = ..\Notes.txt
		..\README.md = ..\README.md
	EndProjectSection
EndProject
Project("{9A19103F-16F7-4668-BE54-9A1E7A4F7556}") = "VanityAddressGenerator", "VanityAddressGenerator\VanityAddressGenerator.csproj", "{2A0C7705-C25C-49E0-9A6B-A337F5ADB8E8}"
EndProject
Project("{9A19103F-16F7-4668-BE54-9A1E7A4F7556}") = "WaxRentalsWeb", "WaxRentalsWeb\WaxRentalsWeb.csproj", "{F8949387-B6F9-43E5-9B8A-FEB78CAFC36D}"
EndProject
Project("{9A19103F-16F7-4668-BE54-9A1E7A4F7556}") = "WaxRentals.Banano", "WaxRentals.Banano\WaxRentals.Banano.csproj", "{AB3F361E-AD08-445F-9073-66A238D66CE5}"
EndProject
Project("{9A19103F-16F7-4668-BE54-9A1E7A4F7556}") = "WaxRentals.Waxp", "WaxRentals.Waxp\WaxRentals.Waxp.csproj", "{D276F38E-A664-4B0A-8206-B45660AF8D7E}"
EndProject
Project("{9A19103F-16F7-4668-BE54-9A1E7A4F7556}") = "WaxRentals.Monitoring", "WaxRentals.Monitoring\WaxRentals.Monitoring.csproj", "{C7178A50-349B-494C-9434-7F01730EB42A}"
EndProject
Project("{9A19103F-16F7-4668-BE54-9A1E7A4F7556}") = "WaxRentals.Data", "WaxRentals.Data\WaxRentals.Data.csproj", "{54DCECA9-2695-4416-A9ED-6BB419963255}"
EndProject
Project("{00D1A9C2-B5F0-4AF3-8072-F6C62B433612}") = "WaxRentals.Database", "WaxRentals.Database\WaxRentals.Database.sqlproj", "{FB0F0576-6DD7-4391-A45E-975E5F542F18}"
EndProject
Project("{2150E333-8FDC-42A3-9474-1A3956D46DE8}") = "5 -- Data", "5 -- Data", "{7EAA7E06-4B3C-4147-A926-A45FE6DB771C}"
EndProject
Project("{2150E333-8FDC-42A3-9474-1A3956D46DE8}") = "2 -- App", "2 -- App", "{9A71D8E9-28F8-48FE-A7FD-64E05B59FF7D}"
EndProject
Project("{9A19103F-16F7-4668-BE54-9A1E7A4F7556}") = "WaxRentals.Processing", "WaxRentals.Processing\WaxRentals.Processing.csproj", "{F401AC16-DD40-4F1E-B187-0B57D267230B}"
EndProject
Project("{2150E333-8FDC-42A3-9474-1A3956D46DE8}") = "4 -- Protocols", "4 -- Protocols", "{85587003-2A08-4C06-A343-5D712A5E4DB3}"
EndProject
Project("{2150E333-8FDC-42A3-9474-1A3956D46DE8}") = "6 -- Tools", "6 -- Tools", "{1DE5BCA2-FA15-4D36-90B4-A819E8065F05}"
EndProject
Project("{9A19103F-16F7-4668-BE54-9A1E7A4F7556}") = "FillDatabaseAddresses", "FillDatabaseAddresses\FillDatabaseAddresses.csproj", "{FCAA2091-91BE-4F88-ADB6-10A273CA1F81}"
EndProject
Project("{2150E333-8FDC-42A3-9474-1A3956D46DE8}") = "3 -- Service", "3 -- Service", "{12E99994-E4B6-441E-9E43-D38835E6F977}"
EndProject
Project("{9A19103F-16F7-4668-BE54-9A1E7A4F7556}") = "WaxRentals.Service", "WaxRentals.Service\WaxRentals.Service.csproj", "{67541D94-1D67-4BAA-814D-5D026E99B09B}"
EndProject
Project("{9A19103F-16F7-4668-BE54-9A1E7A4F7556}") = "WaxRentals.Service.Shared", "WaxRentals.Service.Shared\WaxRentals.Service.Shared.csproj", "{248EC80E-DE22-4750-9FA3-2FE2D5BE1E7B}"
EndProject
Project("{9A19103F-16F7-4668-BE54-9A1E7A4F7556}") = "WaxRentals.Api", "WaxRentals.Api\WaxRentals.Api.csproj", "{92A870EA-9C19-4ABC-B97D-CEA89DDBC6EA}"
EndProject
Project("{9A19103F-16F7-4668-BE54-9A1E7A4F7556}") = "WaxRentals.Api.Shared", "WaxRentals.Api.Shared\WaxRentals.Api.Shared.csproj", "{3802CE63-E2E5-43FA-932B-A073E8326CDE}"
EndProject
Project("{FAE04EC0-301F-11D3-BF4B-00C04F79EFBC}") = "WaxRentals.Manage", "WaxRentals.Manage\WaxRentals.Manage.csproj", "{EB740FC1-E39B-4908-9986-8DC0849E4010}"
EndProject
Global
	GlobalSection(SolutionConfigurationPlatforms) = preSolution
		API|Any CPU = API|Any CPU
		Debug|Any CPU = Debug|Any CPU
		Processors|Any CPU = Processors|Any CPU
		Release|Any CPU = Release|Any CPU
		Service|Any CPU = Service|Any CPU
		Web|Any CPU = Web|Any CPU
	EndGlobalSection
	GlobalSection(ProjectConfigurationPlatforms) = postSolution
		{2A0C7705-C25C-49E0-9A6B-A337F5ADB8E8}.API|Any CPU.ActiveCfg = Release|Any CPU
		{2A0C7705-C25C-49E0-9A6B-A337F5ADB8E8}.Debug|Any CPU.ActiveCfg = Debug|Any CPU
		{2A0C7705-C25C-49E0-9A6B-A337F5ADB8E8}.Debug|Any CPU.Build.0 = Debug|Any CPU
		{2A0C7705-C25C-49E0-9A6B-A337F5ADB8E8}.Processors|Any CPU.ActiveCfg = Release|Any CPU
		{2A0C7705-C25C-49E0-9A6B-A337F5ADB8E8}.Release|Any CPU.ActiveCfg = Release|Any CPU
		{2A0C7705-C25C-49E0-9A6B-A337F5ADB8E8}.Service|Any CPU.ActiveCfg = Release|Any CPU
		{2A0C7705-C25C-49E0-9A6B-A337F5ADB8E8}.Web|Any CPU.ActiveCfg = Release|Any CPU
		{F8949387-B6F9-43E5-9B8A-FEB78CAFC36D}.API|Any CPU.ActiveCfg = Release|Any CPU
		{F8949387-B6F9-43E5-9B8A-FEB78CAFC36D}.Debug|Any CPU.ActiveCfg = Debug|Any CPU
		{F8949387-B6F9-43E5-9B8A-FEB78CAFC36D}.Debug|Any CPU.Build.0 = Debug|Any CPU
		{F8949387-B6F9-43E5-9B8A-FEB78CAFC36D}.Processors|Any CPU.ActiveCfg = Release|Any CPU
		{F8949387-B6F9-43E5-9B8A-FEB78CAFC36D}.Release|Any CPU.ActiveCfg = Release|Any CPU
		{F8949387-B6F9-43E5-9B8A-FEB78CAFC36D}.Release|Any CPU.Build.0 = Release|Any CPU
		{F8949387-B6F9-43E5-9B8A-FEB78CAFC36D}.Service|Any CPU.ActiveCfg = Release|Any CPU
		{F8949387-B6F9-43E5-9B8A-FEB78CAFC36D}.Web|Any CPU.ActiveCfg = Release|Any CPU
		{F8949387-B6F9-43E5-9B8A-FEB78CAFC36D}.Web|Any CPU.Build.0 = Release|Any CPU
		{AB3F361E-AD08-445F-9073-66A238D66CE5}.API|Any CPU.ActiveCfg = Release|Any CPU
		{AB3F361E-AD08-445F-9073-66A238D66CE5}.Debug|Any CPU.ActiveCfg = Debug|Any CPU
		{AB3F361E-AD08-445F-9073-66A238D66CE5}.Debug|Any CPU.Build.0 = Debug|Any CPU
		{AB3F361E-AD08-445F-9073-66A238D66CE5}.Processors|Any CPU.ActiveCfg = Release|Any CPU
		{AB3F361E-AD08-445F-9073-66A238D66CE5}.Release|Any CPU.ActiveCfg = Release|Any CPU
		{AB3F361E-AD08-445F-9073-66A238D66CE5}.Release|Any CPU.Build.0 = Release|Any CPU
		{AB3F361E-AD08-445F-9073-66A238D66CE5}.Service|Any CPU.ActiveCfg = Release|Any CPU
		{AB3F361E-AD08-445F-9073-66A238D66CE5}.Service|Any CPU.Build.0 = Release|Any CPU
		{AB3F361E-AD08-445F-9073-66A238D66CE5}.Web|Any CPU.ActiveCfg = Release|Any CPU
		{D276F38E-A664-4B0A-8206-B45660AF8D7E}.API|Any CPU.ActiveCfg = Release|Any CPU
		{D276F38E-A664-4B0A-8206-B45660AF8D7E}.Debug|Any CPU.ActiveCfg = Debug|Any CPU
		{D276F38E-A664-4B0A-8206-B45660AF8D7E}.Debug|Any CPU.Build.0 = Debug|Any CPU
		{D276F38E-A664-4B0A-8206-B45660AF8D7E}.Processors|Any CPU.ActiveCfg = Release|Any CPU
		{D276F38E-A664-4B0A-8206-B45660AF8D7E}.Release|Any CPU.ActiveCfg = Release|Any CPU
		{D276F38E-A664-4B0A-8206-B45660AF8D7E}.Release|Any CPU.Build.0 = Release|Any CPU
		{D276F38E-A664-4B0A-8206-B45660AF8D7E}.Service|Any CPU.ActiveCfg = Release|Any CPU
		{D276F38E-A664-4B0A-8206-B45660AF8D7E}.Service|Any CPU.Build.0 = Release|Any CPU
		{D276F38E-A664-4B0A-8206-B45660AF8D7E}.Web|Any CPU.ActiveCfg = Release|Any CPU
		{C7178A50-349B-494C-9434-7F01730EB42A}.API|Any CPU.ActiveCfg = Release|Any CPU
		{C7178A50-349B-494C-9434-7F01730EB42A}.Debug|Any CPU.ActiveCfg = Debug|Any CPU
		{C7178A50-349B-494C-9434-7F01730EB42A}.Debug|Any CPU.Build.0 = Debug|Any CPU
		{C7178A50-349B-494C-9434-7F01730EB42A}.Processors|Any CPU.ActiveCfg = Release|Any CPU
		{C7178A50-349B-494C-9434-7F01730EB42A}.Release|Any CPU.ActiveCfg = Release|Any CPU
		{C7178A50-349B-494C-9434-7F01730EB42A}.Release|Any CPU.Build.0 = Release|Any CPU
		{C7178A50-349B-494C-9434-7F01730EB42A}.Service|Any CPU.ActiveCfg = Release|Any CPU
		{C7178A50-349B-494C-9434-7F01730EB42A}.Service|Any CPU.Build.0 = Release|Any CPU
		{C7178A50-349B-494C-9434-7F01730EB42A}.Web|Any CPU.ActiveCfg = Release|Any CPU
		{54DCECA9-2695-4416-A9ED-6BB419963255}.API|Any CPU.ActiveCfg = Release|Any CPU
		{54DCECA9-2695-4416-A9ED-6BB419963255}.Debug|Any CPU.ActiveCfg = Debug|Any CPU
		{54DCECA9-2695-4416-A9ED-6BB419963255}.Debug|Any CPU.Build.0 = Debug|Any CPU
		{54DCECA9-2695-4416-A9ED-6BB419963255}.Processors|Any CPU.ActiveCfg = Release|Any CPU
		{54DCECA9-2695-4416-A9ED-6BB419963255}.Release|Any CPU.ActiveCfg = Release|Any CPU
		{54DCECA9-2695-4416-A9ED-6BB419963255}.Release|Any CPU.Build.0 = Release|Any CPU
		{54DCECA9-2695-4416-A9ED-6BB419963255}.Service|Any CPU.ActiveCfg = Release|Any CPU
		{54DCECA9-2695-4416-A9ED-6BB419963255}.Service|Any CPU.Build.0 = Release|Any CPU
		{54DCECA9-2695-4416-A9ED-6BB419963255}.Web|Any CPU.ActiveCfg = Release|Any CPU
		{FB0F0576-6DD7-4391-A45E-975E5F542F18}.API|Any CPU.ActiveCfg = Release|Any CPU
		{FB0F0576-6DD7-4391-A45E-975E5F542F18}.API|Any CPU.Deploy.0 = Release|Any CPU
		{FB0F0576-6DD7-4391-A45E-975E5F542F18}.Debug|Any CPU.ActiveCfg = Debug|Any CPU
		{FB0F0576-6DD7-4391-A45E-975E5F542F18}.Debug|Any CPU.Build.0 = Debug|Any CPU
		{FB0F0576-6DD7-4391-A45E-975E5F542F18}.Debug|Any CPU.Deploy.0 = Debug|Any CPU
		{FB0F0576-6DD7-4391-A45E-975E5F542F18}.Processors|Any CPU.ActiveCfg = Release|Any CPU
		{FB0F0576-6DD7-4391-A45E-975E5F542F18}.Processors|Any CPU.Deploy.0 = Release|Any CPU
		{FB0F0576-6DD7-4391-A45E-975E5F542F18}.Release|Any CPU.ActiveCfg = Release|Any CPU
		{FB0F0576-6DD7-4391-A45E-975E5F542F18}.Release|Any CPU.Deploy.0 = Release|Any CPU
		{FB0F0576-6DD7-4391-A45E-975E5F542F18}.Service|Any CPU.ActiveCfg = Release|Any CPU
		{FB0F0576-6DD7-4391-A45E-975E5F542F18}.Service|Any CPU.Deploy.0 = Release|Any CPU
		{FB0F0576-6DD7-4391-A45E-975E5F542F18}.Web|Any CPU.ActiveCfg = Release|Any CPU
		{FB0F0576-6DD7-4391-A45E-975E5F542F18}.Web|Any CPU.Deploy.0 = Release|Any CPU
		{F401AC16-DD40-4F1E-B187-0B57D267230B}.API|Any CPU.ActiveCfg = Release|Any CPU
		{F401AC16-DD40-4F1E-B187-0B57D267230B}.Debug|Any CPU.ActiveCfg = Debug|Any CPU
		{F401AC16-DD40-4F1E-B187-0B57D267230B}.Debug|Any CPU.Build.0 = Debug|Any CPU
		{F401AC16-DD40-4F1E-B187-0B57D267230B}.Processors|Any CPU.ActiveCfg = Release|Any CPU
		{F401AC16-DD40-4F1E-B187-0B57D267230B}.Processors|Any CPU.Build.0 = Release|Any CPU
		{F401AC16-DD40-4F1E-B187-0B57D267230B}.Release|Any CPU.ActiveCfg = Release|Any CPU
		{F401AC16-DD40-4F1E-B187-0B57D267230B}.Release|Any CPU.Build.0 = Release|Any CPU
		{F401AC16-DD40-4F1E-B187-0B57D267230B}.Service|Any CPU.ActiveCfg = Release|Any CPU
		{F401AC16-DD40-4F1E-B187-0B57D267230B}.Web|Any CPU.ActiveCfg = Release|Any CPU
		{FCAA2091-91BE-4F88-ADB6-10A273CA1F81}.API|Any CPU.ActiveCfg = Release|Any CPU
		{FCAA2091-91BE-4F88-ADB6-10A273CA1F81}.Debug|Any CPU.ActiveCfg = Debug|Any CPU
		{FCAA2091-91BE-4F88-ADB6-10A273CA1F81}.Debug|Any CPU.Build.0 = Debug|Any CPU
		{FCAA2091-91BE-4F88-ADB6-10A273CA1F81}.Processors|Any CPU.ActiveCfg = Release|Any CPU
		{FCAA2091-91BE-4F88-ADB6-10A273CA1F81}.Release|Any CPU.ActiveCfg = Release|Any CPU
		{FCAA2091-91BE-4F88-ADB6-10A273CA1F81}.Service|Any CPU.ActiveCfg = Release|Any CPU
		{FCAA2091-91BE-4F88-ADB6-10A273CA1F81}.Web|Any CPU.ActiveCfg = Release|Any CPU
		{67541D94-1D67-4BAA-814D-5D026E99B09B}.API|Any CPU.ActiveCfg = Release|Any CPU
		{67541D94-1D67-4BAA-814D-5D026E99B09B}.Debug|Any CPU.ActiveCfg = Debug|Any CPU
		{67541D94-1D67-4BAA-814D-5D026E99B09B}.Debug|Any CPU.Build.0 = Debug|Any CPU
		{67541D94-1D67-4BAA-814D-5D026E99B09B}.Processors|Any CPU.ActiveCfg = Release|Any CPU
		{67541D94-1D67-4BAA-814D-5D026E99B09B}.Release|Any CPU.ActiveCfg = Release|Any CPU
		{67541D94-1D67-4BAA-814D-5D026E99B09B}.Release|Any CPU.Build.0 = Release|Any CPU
		{67541D94-1D67-4BAA-814D-5D026E99B09B}.Service|Any CPU.ActiveCfg = Release|Any CPU
		{67541D94-1D67-4BAA-814D-5D026E99B09B}.Service|Any CPU.Build.0 = Release|Any CPU
		{67541D94-1D67-4BAA-814D-5D026E99B09B}.Web|Any CPU.ActiveCfg = Release|Any CPU
		{248EC80E-DE22-4750-9FA3-2FE2D5BE1E7B}.API|Any CPU.ActiveCfg = Release|Any CPU
		{248EC80E-DE22-4750-9FA3-2FE2D5BE1E7B}.API|Any CPU.Build.0 = Release|Any CPU
		{248EC80E-DE22-4750-9FA3-2FE2D5BE1E7B}.Debug|Any CPU.ActiveCfg = Debug|Any CPU
		{248EC80E-DE22-4750-9FA3-2FE2D5BE1E7B}.Debug|Any CPU.Build.0 = Debug|Any CPU
		{248EC80E-DE22-4750-9FA3-2FE2D5BE1E7B}.Processors|Any CPU.ActiveCfg = Release|Any CPU
		{248EC80E-DE22-4750-9FA3-2FE2D5BE1E7B}.Processors|Any CPU.Build.0 = Release|Any CPU
		{248EC80E-DE22-4750-9FA3-2FE2D5BE1E7B}.Release|Any CPU.ActiveCfg = Release|Any CPU
		{248EC80E-DE22-4750-9FA3-2FE2D5BE1E7B}.Release|Any CPU.Build.0 = Release|Any CPU
		{248EC80E-DE22-4750-9FA3-2FE2D5BE1E7B}.Service|Any CPU.ActiveCfg = Release|Any CPU
		{248EC80E-DE22-4750-9FA3-2FE2D5BE1E7B}.Service|Any CPU.Build.0 = Release|Any CPU
		{248EC80E-DE22-4750-9FA3-2FE2D5BE1E7B}.Web|Any CPU.ActiveCfg = Release|Any CPU
		{248EC80E-DE22-4750-9FA3-2FE2D5BE1E7B}.Web|Any CPU.Build.0 = Release|Any CPU
		{92A870EA-9C19-4ABC-B97D-CEA89DDBC6EA}.API|Any CPU.ActiveCfg = Release|Any CPU
		{92A870EA-9C19-4ABC-B97D-CEA89DDBC6EA}.API|Any CPU.Build.0 = Release|Any CPU
		{92A870EA-9C19-4ABC-B97D-CEA89DDBC6EA}.Debug|Any CPU.ActiveCfg = Debug|Any CPU
		{92A870EA-9C19-4ABC-B97D-CEA89DDBC6EA}.Debug|Any CPU.Build.0 = Debug|Any CPU
		{92A870EA-9C19-4ABC-B97D-CEA89DDBC6EA}.Processors|Any CPU.ActiveCfg = Release|Any CPU
		{92A870EA-9C19-4ABC-B97D-CEA89DDBC6EA}.Release|Any CPU.ActiveCfg = Release|Any CPU
		{92A870EA-9C19-4ABC-B97D-CEA89DDBC6EA}.Release|Any CPU.Build.0 = Release|Any CPU
		{92A870EA-9C19-4ABC-B97D-CEA89DDBC6EA}.Service|Any CPU.ActiveCfg = Release|Any CPU
		{92A870EA-9C19-4ABC-B97D-CEA89DDBC6EA}.Web|Any CPU.ActiveCfg = Release|Any CPU
		{3802CE63-E2E5-43FA-932B-A073E8326CDE}.API|Any CPU.ActiveCfg = Release|Any CPU
		{3802CE63-E2E5-43FA-932B-A073E8326CDE}.API|Any CPU.Build.0 = Release|Any CPU
		{3802CE63-E2E5-43FA-932B-A073E8326CDE}.Debug|Any CPU.ActiveCfg = Debug|Any CPU
		{3802CE63-E2E5-43FA-932B-A073E8326CDE}.Debug|Any CPU.Build.0 = Debug|Any CPU
		{3802CE63-E2E5-43FA-932B-A073E8326CDE}.Processors|Any CPU.ActiveCfg = Release|Any CPU
		{3802CE63-E2E5-43FA-932B-A073E8326CDE}.Release|Any CPU.ActiveCfg = Release|Any CPU
		{3802CE63-E2E5-43FA-932B-A073E8326CDE}.Release|Any CPU.Build.0 = Release|Any CPU
		{3802CE63-E2E5-43FA-932B-A073E8326CDE}.Service|Any CPU.ActiveCfg = Release|Any CPU
		{3802CE63-E2E5-43FA-932B-A073E8326CDE}.Web|Any CPU.ActiveCfg = Release|Any CPU
		{3802CE63-E2E5-43FA-932B-A073E8326CDE}.Web|Any CPU.Build.0 = Release|Any CPU
		{EB740FC1-E39B-4908-9986-8DC0849E4010}.API|Any CPU.ActiveCfg = Debug|Any CPU
		{EB740FC1-E39B-4908-9986-8DC0849E4010}.API|Any CPU.Build.0 = Debug|Any CPU
		{EB740FC1-E39B-4908-9986-8DC0849E4010}.Debug|Any CPU.ActiveCfg = Debug|Any CPU
		{EB740FC1-E39B-4908-9986-8DC0849E4010}.Debug|Any CPU.Build.0 = Debug|Any CPU
		{EB740FC1-E39B-4908-9986-8DC0849E4010}.Processors|Any CPU.ActiveCfg = Debug|Any CPU
		{EB740FC1-E39B-4908-9986-8DC0849E4010}.Processors|Any CPU.Build.0 = Debug|Any CPU
		{EB740FC1-E39B-4908-9986-8DC0849E4010}.Release|Any CPU.ActiveCfg = Release|Any CPU
		{EB740FC1-E39B-4908-9986-8DC0849E4010}.Release|Any CPU.Build.0 = Release|Any CPU
		{EB740FC1-E39B-4908-9986-8DC0849E4010}.Service|Any CPU.ActiveCfg = Debug|Any CPU
		{EB740FC1-E39B-4908-9986-8DC0849E4010}.Service|Any CPU.Build.0 = Debug|Any CPU
		{EB740FC1-E39B-4908-9986-8DC0849E4010}.Web|Any CPU.ActiveCfg = Debug|Any CPU
		{EB740FC1-E39B-4908-9986-8DC0849E4010}.Web|Any CPU.Build.0 = Debug|Any CPU
	EndGlobalSection
	GlobalSection(SolutionProperties) = preSolution
		HideSolutionNode = FALSE
	EndGlobalSection
	GlobalSection(NestedProjects) = preSolution
		{2A0C7705-C25C-49E0-9A6B-A337F5ADB8E8} = {1DE5BCA2-FA15-4D36-90B4-A819E8065F05}
		{F8949387-B6F9-43E5-9B8A-FEB78CAFC36D} = {9A71D8E9-28F8-48FE-A7FD-64E05B59FF7D}
		{AB3F361E-AD08-445F-9073-66A238D66CE5} = {85587003-2A08-4C06-A343-5D712A5E4DB3}
		{D276F38E-A664-4B0A-8206-B45660AF8D7E} = {85587003-2A08-4C06-A343-5D712A5E4DB3}
		{C7178A50-349B-494C-9434-7F01730EB42A} = {85587003-2A08-4C06-A343-5D712A5E4DB3}
		{54DCECA9-2695-4416-A9ED-6BB419963255} = {7EAA7E06-4B3C-4147-A926-A45FE6DB771C}
		{FB0F0576-6DD7-4391-A45E-975E5F542F18} = {7EAA7E06-4B3C-4147-A926-A45FE6DB771C}
		{F401AC16-DD40-4F1E-B187-0B57D267230B} = {9A71D8E9-28F8-48FE-A7FD-64E05B59FF7D}
		{FCAA2091-91BE-4F88-ADB6-10A273CA1F81} = {1DE5BCA2-FA15-4D36-90B4-A819E8065F05}
		{67541D94-1D67-4BAA-814D-5D026E99B09B} = {12E99994-E4B6-441E-9E43-D38835E6F977}
		{248EC80E-DE22-4750-9FA3-2FE2D5BE1E7B} = {12E99994-E4B6-441E-9E43-D38835E6F977}
		{92A870EA-9C19-4ABC-B97D-CEA89DDBC6EA} = {9A71D8E9-28F8-48FE-A7FD-64E05B59FF7D}
		{3802CE63-E2E5-43FA-932B-A073E8326CDE} = {9A71D8E9-28F8-48FE-A7FD-64E05B59FF7D}
		{EB740FC1-E39B-4908-9986-8DC0849E4010} = {9A71D8E9-28F8-48FE-A7FD-64E05B59FF7D}
	EndGlobalSection
	GlobalSection(ExtensibilityGlobals) = postSolution
		SolutionGuid = {67FEF539-CB46-41B5-89E4-7399F417FC18}
	EndGlobalSection
EndGlobal
